
Microsoft Visual Studio Solution File, Format Version 12.00
# Visual Studio 2013
VisualStudioVersion = 12.0.21005.1
MinimumVisualStudioVersion = 10.0.40219.1
Project("{FAE04EC0-301F-11D3-BF4B-00C04F79EFBC}") = "MIssWishCallWish.Api", "MIssWishCallWish\MIssWishCallWish.Api.csproj", "{973B2D06-8AE6-47AE-AACE-CB94A4148BD0}"
EndProject
Global
	GlobalSection(SolutionConfigurationPlatforms) = preSolution
		Debug|Any CPU = Debug|Any CPU
		Release|Any CPU = Release|Any CPU
	EndGlobalSection
	GlobalSection(ProjectConfigurationPlatforms) = postSolution
		{973B2D06-8AE6-47AE-AACE-CB94A4148BD0}.Debug|Any CPU.ActiveCfg = Debug|Any CPU
		{973B2D06-8AE6-47AE-AACE-CB94A4148BD0}.Debug|Any CPU.Build.0 = Debug|Any CPU
		{973B2D06-8AE6-47AE-AACE-CB94A4148BD0}.Release|Any CPU.ActiveCfg = Release|Any CPU
		{973B2D06-8AE6-47AE-AACE-CB94A4148BD0}.Release|Any CPU.Build.0 = Release|Any CPU
	EndGlobalSection
	GlobalSection(SolutionProperties) = preSolution
		HideSolutionNode = FALSE
	EndGlobalSection
EndGlobal
